
Microsoft Visual Studio Solution File, Format Version 12.00
# Visual Studio 15
VisualStudioVersion = 15.0.28307.757
MinimumVisualStudioVersion = 10.0.40219.1
Project("{FAE04EC0-301F-11D3-BF4B-00C04F79EFBC}") = "hannJa2v3", "hannJa2v3\hannJa2v3.csproj", "{6C25C7F4-B4DE-4DDF-AF53-5493BF827BA6}"
EndProject
Global
	GlobalSection(SolutionConfigurationPlatforms) = preSolution
		Debug|Any CPU = Debug|Any CPU
		Release|Any CPU = Release|Any CPU
	EndGlobalSection
	GlobalSection(ProjectConfigurationPlatforms) = postSolution
		{6C25C7F4-B4DE-4DDF-AF53-5493BF827BA6}.Debug|Any CPU.ActiveCfg = Debug|Any CPU
		{6C25C7F4-B4DE-4DDF-AF53-5493BF827BA6}.Debug|Any CPU.Build.0 = Debug|Any CPU
		{6C25C7F4-B4DE-4DDF-AF53-5493BF827BA6}.Release|Any CPU.ActiveCfg = Release|Any CPU
		{6C25C7F4-B4DE-4DDF-AF53-5493BF827BA6}.Release|Any CPU.Build.0 = Release|Any CPU
	EndGlobalSection
	GlobalSection(SolutionProperties) = preSolution
		HideSolutionNode = FALSE
	EndGlobalSection
	GlobalSection(ExtensibilityGlobals) = postSolution
		SolutionGuid = {08BC137F-FBF5-485D-9574-EA665A8F53D7}
	EndGlobalSection
EndGlobal
