
Microsoft Visual Studio Solution File, Format Version 12.00
# Visual Studio 15
VisualStudioVersion = 15.0.28307.757
MinimumVisualStudioVersion = 10.0.40219.1
Project("{FAE04EC0-301F-11D3-BF4B-00C04F79EFBC}") = "a5v4-hannj", "a5v4-hannj\a5v4-hannj.csproj", "{E471D4C3-13C5-42FD-BD1B-C6EF753F5C2E}"
EndProject
Global
	GlobalSection(SolutionConfigurationPlatforms) = preSolution
		Debug|Any CPU = Debug|Any CPU
		Release|Any CPU = Release|Any CPU
	EndGlobalSection
	GlobalSection(ProjectConfigurationPlatforms) = postSolution
		{E471D4C3-13C5-42FD-BD1B-C6EF753F5C2E}.Debug|Any CPU.ActiveCfg = Debug|Any CPU
		{E471D4C3-13C5-42FD-BD1B-C6EF753F5C2E}.Debug|Any CPU.Build.0 = Debug|Any CPU
		{E471D4C3-13C5-42FD-BD1B-C6EF753F5C2E}.Release|Any CPU.ActiveCfg = Release|Any CPU
		{E471D4C3-13C5-42FD-BD1B-C6EF753F5C2E}.Release|Any CPU.Build.0 = Release|Any CPU
	EndGlobalSection
	GlobalSection(SolutionProperties) = preSolution
		HideSolutionNode = FALSE
	EndGlobalSection
	GlobalSection(ExtensibilityGlobals) = postSolution
		SolutionGuid = {32C9EA4B-708C-4BE8-9FCE-B91BFD8B1898}
	EndGlobalSection
EndGlobal
