
Microsoft Visual Studio Solution File, Format Version 12.00
# Visual Studio 15
VisualStudioVersion = 15.0.28307.757
MinimumVisualStudioVersion = 10.0.40219.1
Project("{FAE04EC0-301F-11D3-BF4B-00C04F79EFBC}") = "hannJa3v5", "hannJa3v5\hannJa3v5.csproj", "{B92BB6E1-0BD2-4254-8118-BA2D3ED4C71D}"
EndProject
Global
	GlobalSection(SolutionConfigurationPlatforms) = preSolution
		Debug|Any CPU = Debug|Any CPU
		Release|Any CPU = Release|Any CPU
	EndGlobalSection
	GlobalSection(ProjectConfigurationPlatforms) = postSolution
		{B92BB6E1-0BD2-4254-8118-BA2D3ED4C71D}.Debug|Any CPU.ActiveCfg = Debug|Any CPU
		{B92BB6E1-0BD2-4254-8118-BA2D3ED4C71D}.Debug|Any CPU.Build.0 = Debug|Any CPU
		{B92BB6E1-0BD2-4254-8118-BA2D3ED4C71D}.Release|Any CPU.ActiveCfg = Release|Any CPU
		{B92BB6E1-0BD2-4254-8118-BA2D3ED4C71D}.Release|Any CPU.Build.0 = Release|Any CPU
	EndGlobalSection
	GlobalSection(SolutionProperties) = preSolution
		HideSolutionNode = FALSE
	EndGlobalSection
	GlobalSection(ExtensibilityGlobals) = postSolution
		SolutionGuid = {55CC8679-D29E-44FD-923B-8FB33731CF93}
	EndGlobalSection
EndGlobal
