
Microsoft Visual Studio Solution File, Format Version 12.00
# Visual Studio 15
VisualStudioVersion = 15.0.28307.757
MinimumVisualStudioVersion = 10.0.40219.1
Project("{FAE04EC0-301F-11D3-BF4B-00C04F79EFBC}") = "hannJa3v4", "hannJa3v4.csproj", "{9B221678-E70A-43FB-AADF-62EAEA86E986}"
EndProject
Global
	GlobalSection(SolutionConfigurationPlatforms) = preSolution
		Debug|Any CPU = Debug|Any CPU
		Release|Any CPU = Release|Any CPU
	EndGlobalSection
	GlobalSection(ProjectConfigurationPlatforms) = postSolution
		{9B221678-E70A-43FB-AADF-62EAEA86E986}.Debug|Any CPU.ActiveCfg = Debug|Any CPU
		{9B221678-E70A-43FB-AADF-62EAEA86E986}.Debug|Any CPU.Build.0 = Debug|Any CPU
		{9B221678-E70A-43FB-AADF-62EAEA86E986}.Release|Any CPU.ActiveCfg = Release|Any CPU
		{9B221678-E70A-43FB-AADF-62EAEA86E986}.Release|Any CPU.Build.0 = Release|Any CPU
	EndGlobalSection
	GlobalSection(SolutionProperties) = preSolution
		HideSolutionNode = FALSE
	EndGlobalSection
	GlobalSection(ExtensibilityGlobals) = postSolution
		SolutionGuid = {A03D1255-3238-426E-BF41-44C84850418D}
	EndGlobalSection
EndGlobal
