
Microsoft Visual Studio Solution File, Format Version 12.00
# Visual Studio 15
VisualStudioVersion = 15.0.28010.2050
MinimumVisualStudioVersion = 10.0.40219.1
Project("{FAE04EC0-301F-11D3-BF4B-00C04F79EFBC}") = "Game", "Game\Game.csproj", "{A822AD2B-A6EB-42F8-A504-E95F83D7A0D9}"
EndProject
Global
	GlobalSection(SolutionConfigurationPlatforms) = preSolution
		Debug|Any CPU = Debug|Any CPU
		Release|Any CPU = Release|Any CPU
	EndGlobalSection
	GlobalSection(ProjectConfigurationPlatforms) = postSolution
		{A822AD2B-A6EB-42F8-A504-E95F83D7A0D9}.Debug|Any CPU.ActiveCfg = Debug|Any CPU
		{A822AD2B-A6EB-42F8-A504-E95F83D7A0D9}.Debug|Any CPU.Build.0 = Debug|Any CPU
		{A822AD2B-A6EB-42F8-A504-E95F83D7A0D9}.Release|Any CPU.ActiveCfg = Release|Any CPU
		{A822AD2B-A6EB-42F8-A504-E95F83D7A0D9}.Release|Any CPU.Build.0 = Release|Any CPU
	EndGlobalSection
	GlobalSection(SolutionProperties) = preSolution
		HideSolutionNode = FALSE
	EndGlobalSection
	GlobalSection(ExtensibilityGlobals) = postSolution
		SolutionGuid = {85E4CF2B-1157-4A81-B55F-0DD7424FE819}
	EndGlobalSection
EndGlobal
